// !$*UTF8*$!
{
	archiveVersion = 1;
	classes = {
	};
	objectVersion = 46;
	objects = {

/* Begin PBXBuildFile section */
		A9384AC3F5474371AC73839A /* libPods.a in Frameworks */ = {isa = PBXBuildFile; fileRef = 3A0DFD9CA2204D53B9302DBB /* libPods.a */; };
		DE46434B18E7552D006118C2 /* Globals.m in Sources */ = {isa = PBXBuildFile; fileRef = DE46434A18E7552D006118C2 /* Globals.m */; };
		DE46434F18E75D11006118C2 /* contact.mp3 in Resources */ = {isa = PBXBuildFile; fileRef = DE46434E18E75D11006118C2 /* contact.mp3 */; };
		DE61661418E683EF003D71DE /* Foundation.framework in Frameworks */ = {isa = PBXBuildFile; fileRef = DE61661318E683EF003D71DE /* Foundation.framework */; };
		DE61661618E683EF003D71DE /* CoreGraphics.framework in Frameworks */ = {isa = PBXBuildFile; fileRef = DE61661518E683EF003D71DE /* CoreGraphics.framework */; };
		DE61661818E683EF003D71DE /* UIKit.framework in Frameworks */ = {isa = PBXBuildFile; fileRef = DE61661718E683EF003D71DE /* UIKit.framework */; };
		DE61661A18E683EF003D71DE /* SpriteKit.framework in Frameworks */ = {isa = PBXBuildFile; fileRef = DE61661918E683EF003D71DE /* SpriteKit.framework */; };
		DE61662018E683EF003D71DE /* InfoPlist.strings in Resources */ = {isa = PBXBuildFile; fileRef = DE61661E18E683EF003D71DE /* InfoPlist.strings */; };
		DE61662218E683EF003D71DE /* main.m in Sources */ = {isa = PBXBuildFile; fileRef = DE61662118E683EF003D71DE /* main.m */; };
		DE61662618E683EF003D71DE /* AppDelegate.m in Sources */ = {isa = PBXBuildFile; fileRef = DE61662518E683EF003D71DE /* AppDelegate.m */; };
		DE61662918E683EF003D71DE /* Main_iPhone.storyboard in Resources */ = {isa = PBXBuildFile; fileRef = DE61662718E683EF003D71DE /* Main_iPhone.storyboard */; };
		DE61662C18E683EF003D71DE /* Main_iPad.storyboard in Resources */ = {isa = PBXBuildFile; fileRef = DE61662A18E683EF003D71DE /* Main_iPad.storyboard */; };
		DE61662F18E683EF003D71DE /* ViewController.m in Sources */ = {isa = PBXBuildFile; fileRef = DE61662E18E683EF003D71DE /* ViewController.m */; };
		DE61663218E683EF003D71DE /* PuddleScene.m in Sources */ = {isa = PBXBuildFile; fileRef = DE61663118E683EF003D71DE /* PuddleScene.m */; };
		DE61663618E683EF003D71DE /* Images.xcassets in Resources */ = {isa = PBXBuildFile; fileRef = DE61663518E683EF003D71DE /* Images.xcassets */; };
		DE61663D18E683EF003D71DE /* XCTest.framework in Frameworks */ = {isa = PBXBuildFile; fileRef = DE61663C18E683EF003D71DE /* XCTest.framework */; };
		DE61663E18E683EF003D71DE /* Foundation.framework in Frameworks */ = {isa = PBXBuildFile; fileRef = DE61661318E683EF003D71DE /* Foundation.framework */; };
		DE61663F18E683EF003D71DE /* UIKit.framework in Frameworks */ = {isa = PBXBuildFile; fileRef = DE61661718E683EF003D71DE /* UIKit.framework */; };
		DE61664718E683EF003D71DE /* InfoPlist.strings in Resources */ = {isa = PBXBuildFile; fileRef = DE61664518E683EF003D71DE /* InfoPlist.strings */; };
		DE61664918E683EF003D71DE /* PuddleTests.m in Sources */ = {isa = PBXBuildFile; fileRef = DE61664818E683EF003D71DE /* PuddleTests.m */; };
		DE61665418E685A8003D71DE /* SessionController.m in Sources */ = {isa = PBXBuildFile; fileRef = DE61665318E685A8003D71DE /* SessionController.m */; };
		DEC2C3F618E7A0AA00864AC3 /* appear.mp3 in Resources */ = {isa = PBXBuildFile; fileRef = DEC2C3F418E7A0AA00864AC3 /* appear.mp3 */; };
		DEC2C3F918E7BA0300864AC3 /* eaten.mp3 in Resources */ = {isa = PBXBuildFile; fileRef = DEC2C3F818E7BA0300864AC3 /* eaten.mp3 */; };
		DEC2C3FC18E7CDDA00864AC3 /* CritterSpriteNode.m in Sources */ = {isa = PBXBuildFile; fileRef = DEC2C3FB18E7CDDA00864AC3 /* CritterSpriteNode.m */; };
		DEC2C3FF18E7D09700864AC3 /* VirusSpriteNode.m in Sources */ = {isa = PBXBuildFile; fileRef = DEC2C3FE18E7D09700864AC3 /* VirusSpriteNode.m */; };
/* End PBXBuildFile section */

/* Begin PBXContainerItemProxy section */
		DE61664018E683EF003D71DE /* PBXContainerItemProxy */ = {
			isa = PBXContainerItemProxy;
			containerPortal = DE61660818E683EF003D71DE /* Project object */;
			proxyType = 1;
			remoteGlobalIDString = DE61660F18E683EF003D71DE;
			remoteInfo = Puddle;
		};
/* End PBXContainerItemProxy section */

/* Begin PBXFileReference section */
		3A0DFD9CA2204D53B9302DBB /* libPods.a */ = {isa = PBXFileReference; explicitFileType = archive.ar; includeInIndex = 0; path = libPods.a; sourceTree = BUILT_PRODUCTS_DIR; };
		5DBEF03467984DDD93461015 /* Pods.xcconfig */ = {isa = PBXFileReference; includeInIndex = 1; lastKnownFileType = text.xcconfig; name = Pods.xcconfig; path = Pods/Pods.xcconfig; sourceTree = "<group>"; };
		DE46434918E7552D006118C2 /* Globals.h */ = {isa = PBXFileReference; fileEncoding = 4; lastKnownFileType = sourcecode.c.h; path = Globals.h; sourceTree = "<group>"; };
		DE46434A18E7552D006118C2 /* Globals.m */ = {isa = PBXFileReference; fileEncoding = 4; lastKnownFileType = sourcecode.c.objc; path = Globals.m; sourceTree = "<group>"; };
		DE46434E18E75D11006118C2 /* contact.mp3 */ = {isa = PBXFileReference; lastKnownFileType = audio.mp3; path = contact.mp3; sourceTree = "<group>"; };
		DE61661018E683EF003D71DE /* Puddle.app */ = {isa = PBXFileReference; explicitFileType = wrapper.application; includeInIndex = 0; path = Puddle.app; sourceTree = BUILT_PRODUCTS_DIR; };
		DE61661318E683EF003D71DE /* Foundation.framework */ = {isa = PBXFileReference; lastKnownFileType = wrapper.framework; name = Foundation.framework; path = System/Library/Frameworks/Foundation.framework; sourceTree = SDKROOT; };
		DE61661518E683EF003D71DE /* CoreGraphics.framework */ = {isa = PBXFileReference; lastKnownFileType = wrapper.framework; name = CoreGraphics.framework; path = System/Library/Frameworks/CoreGraphics.framework; sourceTree = SDKROOT; };
		DE61661718E683EF003D71DE /* UIKit.framework */ = {isa = PBXFileReference; lastKnownFileType = wrapper.framework; name = UIKit.framework; path = System/Library/Frameworks/UIKit.framework; sourceTree = SDKROOT; };
		DE61661918E683EF003D71DE /* SpriteKit.framework */ = {isa = PBXFileReference; lastKnownFileType = wrapper.framework; name = SpriteKit.framework; path = System/Library/Frameworks/SpriteKit.framework; sourceTree = SDKROOT; };
		DE61661D18E683EF003D71DE /* Puddle-Info.plist */ = {isa = PBXFileReference; lastKnownFileType = text.plist.xml; path = "Puddle-Info.plist"; sourceTree = "<group>"; };
		DE61661F18E683EF003D71DE /* en */ = {isa = PBXFileReference; lastKnownFileType = text.plist.strings; name = en; path = en.lproj/InfoPlist.strings; sourceTree = "<group>"; };
		DE61662118E683EF003D71DE /* main.m */ = {isa = PBXFileReference; lastKnownFileType = sourcecode.c.objc; path = main.m; sourceTree = "<group>"; };
		DE61662318E683EF003D71DE /* Puddle-Prefix.pch */ = {isa = PBXFileReference; lastKnownFileType = sourcecode.c.h; path = "Puddle-Prefix.pch"; sourceTree = "<group>"; };
		DE61662418E683EF003D71DE /* AppDelegate.h */ = {isa = PBXFileReference; lastKnownFileType = sourcecode.c.h; path = AppDelegate.h; sourceTree = "<group>"; };
		DE61662518E683EF003D71DE /* AppDelegate.m */ = {isa = PBXFileReference; lastKnownFileType = sourcecode.c.objc; path = AppDelegate.m; sourceTree = "<group>"; };
		DE61662818E683EF003D71DE /* Base */ = {isa = PBXFileReference; lastKnownFileType = file.storyboard; name = Base; path = Base.lproj/Main_iPhone.storyboard; sourceTree = "<group>"; };
		DE61662B18E683EF003D71DE /* Base */ = {isa = PBXFileReference; lastKnownFileType = file.storyboard; name = Base; path = Base.lproj/Main_iPad.storyboard; sourceTree = "<group>"; };
		DE61662D18E683EF003D71DE /* ViewController.h */ = {isa = PBXFileReference; lastKnownFileType = sourcecode.c.h; path = ViewController.h; sourceTree = "<group>"; };
		DE61662E18E683EF003D71DE /* ViewController.m */ = {isa = PBXFileReference; lastKnownFileType = sourcecode.c.objc; path = ViewController.m; sourceTree = "<group>"; };
		DE61663018E683EF003D71DE /* PuddleScene.h */ = {isa = PBXFileReference; lastKnownFileType = sourcecode.c.h; path = PuddleScene.h; sourceTree = "<group>"; };
		DE61663118E683EF003D71DE /* PuddleScene.m */ = {isa = PBXFileReference; lastKnownFileType = sourcecode.c.objc; path = PuddleScene.m; sourceTree = "<group>"; };
		DE61663518E683EF003D71DE /* Images.xcassets */ = {isa = PBXFileReference; lastKnownFileType = folder.assetcatalog; path = Images.xcassets; sourceTree = "<group>"; };
		DE61663B18E683EF003D71DE /* PuddleTests.xctest */ = {isa = PBXFileReference; explicitFileType = wrapper.cfbundle; includeInIndex = 0; path = PuddleTests.xctest; sourceTree = BUILT_PRODUCTS_DIR; };
		DE61663C18E683EF003D71DE /* XCTest.framework */ = {isa = PBXFileReference; lastKnownFileType = wrapper.framework; name = XCTest.framework; path = Library/Frameworks/XCTest.framework; sourceTree = DEVELOPER_DIR; };
		DE61664418E683EF003D71DE /* PuddleTests-Info.plist */ = {isa = PBXFileReference; lastKnownFileType = text.plist.xml; path = "PuddleTests-Info.plist"; sourceTree = "<group>"; };
		DE61664618E683EF003D71DE /* en */ = {isa = PBXFileReference; lastKnownFileType = text.plist.strings; name = en; path = en.lproj/InfoPlist.strings; sourceTree = "<group>"; };
		DE61664818E683EF003D71DE /* PuddleTests.m */ = {isa = PBXFileReference; lastKnownFileType = sourcecode.c.objc; path = PuddleTests.m; sourceTree = "<group>"; };
		DE61665218E685A8003D71DE /* SessionController.h */ = {isa = PBXFileReference; fileEncoding = 4; lastKnownFileType = sourcecode.c.h; path = SessionController.h; sourceTree = "<group>"; };
		DE61665318E685A8003D71DE /* SessionController.m */ = {isa = PBXFileReference; fileEncoding = 4; lastKnownFileType = sourcecode.c.objc; path = SessionController.m; sourceTree = "<group>"; };
		DEC2C3F418E7A0AA00864AC3 /* appear.mp3 */ = {isa = PBXFileReference; lastKnownFileType = audio.mp3; path = appear.mp3; sourceTree = "<group>"; };
		DEC2C3F818E7BA0300864AC3 /* eaten.mp3 */ = {isa = PBXFileReference; lastKnownFileType = audio.mp3; path = eaten.mp3; sourceTree = "<group>"; };
		DEC2C3FA18E7CDDA00864AC3 /* CritterSpriteNode.h */ = {isa = PBXFileReference; fileEncoding = 4; lastKnownFileType = sourcecode.c.h; path = CritterSpriteNode.h; sourceTree = "<group>"; };
		DEC2C3FB18E7CDDA00864AC3 /* CritterSpriteNode.m */ = {isa = PBXFileReference; fileEncoding = 4; lastKnownFileType = sourcecode.c.objc; path = CritterSpriteNode.m; sourceTree = "<group>"; };
		DEC2C3FD18E7D09700864AC3 /* VirusSpriteNode.h */ = {isa = PBXFileReference; fileEncoding = 4; lastKnownFileType = sourcecode.c.h; path = VirusSpriteNode.h; sourceTree = "<group>"; };
		DEC2C3FE18E7D09700864AC3 /* VirusSpriteNode.m */ = {isa = PBXFileReference; fileEncoding = 4; lastKnownFileType = sourcecode.c.objc; path = VirusSpriteNode.m; sourceTree = "<group>"; };
/* End PBXFileReference section */

/* Begin PBXFrameworksBuildPhase section */
		DE61660D18E683EF003D71DE /* Frameworks */ = {
			isa = PBXFrameworksBuildPhase;
			buildActionMask = 2147483647;
			files = (
				DE61661618E683EF003D71DE /* CoreGraphics.framework in Frameworks */,
				DE61661818E683EF003D71DE /* UIKit.framework in Frameworks */,
				DE61661A18E683EF003D71DE /* SpriteKit.framework in Frameworks */,
				DE61661418E683EF003D71DE /* Foundation.framework in Frameworks */,
				A9384AC3F5474371AC73839A /* libPods.a in Frameworks */,
			);
			runOnlyForDeploymentPostprocessing = 0;
		};
		DE61663818E683EF003D71DE /* Frameworks */ = {
			isa = PBXFrameworksBuildPhase;
			buildActionMask = 2147483647;
			files = (
				DE61663D18E683EF003D71DE /* XCTest.framework in Frameworks */,
				DE61663F18E683EF003D71DE /* UIKit.framework in Frameworks */,
				DE61663E18E683EF003D71DE /* Foundation.framework in Frameworks */,
			);
			runOnlyForDeploymentPostprocessing = 0;
		};
/* End PBXFrameworksBuildPhase section */

/* Begin PBXGroup section */
		DE61660718E683EF003D71DE = {
			isa = PBXGroup;
			children = (
				DE61661B18E683EF003D71DE /* Puddle */,
				DE61664218E683EF003D71DE /* PuddleTests */,
				DE61661218E683EF003D71DE /* Frameworks */,
				DE61661118E683EF003D71DE /* Products */,
				5DBEF03467984DDD93461015 /* Pods.xcconfig */,
			);
			sourceTree = "<group>";
		};
		DE61661118E683EF003D71DE /* Products */ = {
			isa = PBXGroup;
			children = (
				DE61661018E683EF003D71DE /* Puddle.app */,
				DE61663B18E683EF003D71DE /* PuddleTests.xctest */,
			);
			name = Products;
			sourceTree = "<group>";
		};
		DE61661218E683EF003D71DE /* Frameworks */ = {
			isa = PBXGroup;
			children = (
				DE61661318E683EF003D71DE /* Foundation.framework */,
				DE61661518E683EF003D71DE /* CoreGraphics.framework */,
				DE61661718E683EF003D71DE /* UIKit.framework */,
				DE61661918E683EF003D71DE /* SpriteKit.framework */,
				DE61663C18E683EF003D71DE /* XCTest.framework */,
				3A0DFD9CA2204D53B9302DBB /* libPods.a */,
			);
			name = Frameworks;
			sourceTree = "<group>";
		};
		DE61661B18E683EF003D71DE /* Puddle */ = {
			isa = PBXGroup;
			children = (
				DE61662418E683EF003D71DE /* AppDelegate.h */,
				DE61662518E683EF003D71DE /* AppDelegate.m */,
				DEC2C3FA18E7CDDA00864AC3 /* CritterSpriteNode.h */,
				DEC2C3FB18E7CDDA00864AC3 /* CritterSpriteNode.m */,
				DE46434918E7552D006118C2 /* Globals.h */,
				DE46434A18E7552D006118C2 /* Globals.m */,
				DE61663518E683EF003D71DE /* Images.xcassets */,
				DE61662A18E683EF003D71DE /* Main_iPad.storyboard */,
				DE61662718E683EF003D71DE /* Main_iPhone.storyboard */,
				DE61663018E683EF003D71DE /* PuddleScene.h */,
				DE61663118E683EF003D71DE /* PuddleScene.m */,
				DE61665218E685A8003D71DE /* SessionController.h */,
				DE61665318E685A8003D71DE /* SessionController.m */,
				DEB192D618E7D7F300B876F2 /* Sounds */,
				DE61661C18E683EF003D71DE /* Supporting Files */,
				DE61662D18E683EF003D71DE /* ViewController.h */,
				DE61662E18E683EF003D71DE /* ViewController.m */,
				DEC2C3FD18E7D09700864AC3 /* VirusSpriteNode.h */,
				DEC2C3FE18E7D09700864AC3 /* VirusSpriteNode.m */,
			);
			path = Puddle;
			sourceTree = "<group>";
		};
		DE61661C18E683EF003D71DE /* Supporting Files */ = {
			isa = PBXGroup;
			children = (
				DE61661D18E683EF003D71DE /* Puddle-Info.plist */,
				DE61661E18E683EF003D71DE /* InfoPlist.strings */,
				DE61662118E683EF003D71DE /* main.m */,
				DE61662318E683EF003D71DE /* Puddle-Prefix.pch */,
			);
			name = "Supporting Files";
			sourceTree = "<group>";
		};
		DE61664218E683EF003D71DE /* PuddleTests */ = {
			isa = PBXGroup;
			children = (
				DE61664818E683EF003D71DE /* PuddleTests.m */,
				DE61664318E683EF003D71DE /* Supporting Files */,
			);
			path = PuddleTests;
			sourceTree = "<group>";
		};
		DE61664318E683EF003D71DE /* Supporting Files */ = {
			isa = PBXGroup;
			children = (
				DE61664418E683EF003D71DE /* PuddleTests-Info.plist */,
				DE61664518E683EF003D71DE /* InfoPlist.strings */,
			);
			name = "Supporting Files";
			sourceTree = "<group>";
		};
		DEB192D618E7D7F300B876F2 /* Sounds */ = {
			isa = PBXGroup;
			children = (
				DEC2C3F418E7A0AA00864AC3 /* appear.mp3 */,
				DE46434E18E75D11006118C2 /* contact.mp3 */,
				DEC2C3F818E7BA0300864AC3 /* eaten.mp3 */,
			);
			name = Sounds;
			sourceTree = "<group>";
		};
/* End PBXGroup section */

/* Begin PBXNativeTarget section */
		DE61660F18E683EF003D71DE /* Puddle */ = {
			isa = PBXNativeTarget;
			buildConfigurationList = DE61664C18E683EF003D71DE /* Build configuration list for PBXNativeTarget "Puddle" */;
			buildPhases = (
				BF686A2F923D45C986BBF45B /* Check Pods Manifest.lock */,
				DE61660C18E683EF003D71DE /* Sources */,
				DE61660D18E683EF003D71DE /* Frameworks */,
				DE61660E18E683EF003D71DE /* Resources */,
				507718A2194B422F8E84EAD2 /* Copy Pods Resources */,
			);
			buildRules = (
			);
			dependencies = (
			);
			name = Puddle;
			productName = Puddle;
			productReference = DE61661018E683EF003D71DE /* Puddle.app */;
			productType = "com.apple.product-type.application";
		};
		DE61663A18E683EF003D71DE /* PuddleTests */ = {
			isa = PBXNativeTarget;
			buildConfigurationList = DE61664F18E683EF003D71DE /* Build configuration list for PBXNativeTarget "PuddleTests" */;
			buildPhases = (
				DE61663718E683EF003D71DE /* Sources */,
				DE61663818E683EF003D71DE /* Frameworks */,
				DE61663918E683EF003D71DE /* Resources */,
			);
			buildRules = (
			);
			dependencies = (
				DE61664118E683EF003D71DE /* PBXTargetDependency */,
			);
			name = PuddleTests;
			productName = PuddleTests;
			productReference = DE61663B18E683EF003D71DE /* PuddleTests.xctest */;
			productType = "com.apple.product-type.bundle.unit-test";
		};
/* End PBXNativeTarget section */

/* Begin PBXProject section */
		DE61660818E683EF003D71DE /* Project object */ = {
			isa = PBXProject;
			attributes = {
				LastUpgradeCheck = 0510;
				ORGANIZATIONNAME = "Wes Gibbs";
				TargetAttributes = {
					DE61663A18E683EF003D71DE = {
						TestTargetID = DE61660F18E683EF003D71DE;
					};
				};
			};
			buildConfigurationList = DE61660B18E683EF003D71DE /* Build configuration list for PBXProject "Puddle" */;
			compatibilityVersion = "Xcode 3.2";
			developmentRegion = English;
			hasScannedForEncodings = 0;
			knownRegions = (
				en,
				Base,
			);
			mainGroup = DE61660718E683EF003D71DE;
			productRefGroup = DE61661118E683EF003D71DE /* Products */;
			projectDirPath = "";
			projectRoot = "";
			targets = (
				DE61660F18E683EF003D71DE /* Puddle */,
				DE61663A18E683EF003D71DE /* PuddleTests */,
			);
		};
/* End PBXProject section */

/* Begin PBXResourcesBuildPhase section */
		DE61660E18E683EF003D71DE /* Resources */ = {
			isa = PBXResourcesBuildPhase;
			buildActionMask = 2147483647;
			files = (
				DE61663618E683EF003D71DE /* Images.xcassets in Resources */,
				DEC2C3F618E7A0AA00864AC3 /* appear.mp3 in Resources */,
				DE61662C18E683EF003D71DE /* Main_iPad.storyboard in Resources */,
				DEC2C3F918E7BA0300864AC3 /* eaten.mp3 in Resources */,
				DE46434F18E75D11006118C2 /* contact.mp3 in Resources */,
				DE61662918E683EF003D71DE /* Main_iPhone.storyboard in Resources */,
				DE61662018E683EF003D71DE /* InfoPlist.strings in Resources */,
			);
			runOnlyForDeploymentPostprocessing = 0;
		};
		DE61663918E683EF003D71DE /* Resources */ = {
			isa = PBXResourcesBuildPhase;
			buildActionMask = 2147483647;
			files = (
				DE61664718E683EF003D71DE /* InfoPlist.strings in Resources */,
			);
			runOnlyForDeploymentPostprocessing = 0;
		};
/* End PBXResourcesBuildPhase section */

/* Begin PBXShellScriptBuildPhase section */
		507718A2194B422F8E84EAD2 /* Copy Pods Resources */ = {
			isa = PBXShellScriptBuildPhase;
			buildActionMask = 2147483647;
			files = (
			);
			inputPaths = (
			);
			name = "Copy Pods Resources";
			outputPaths = (
			);
			runOnlyForDeploymentPostprocessing = 0;
			shellPath = /bin/sh;
			shellScript = "\"${SRCROOT}/Pods/Pods-resources.sh\"\n";
			showEnvVarsInLog = 0;
		};
		BF686A2F923D45C986BBF45B /* Check Pods Manifest.lock */ = {
			isa = PBXShellScriptBuildPhase;
			buildActionMask = 2147483647;
			files = (
			);
			inputPaths = (
			);
			name = "Check Pods Manifest.lock";
			outputPaths = (
			);
			runOnlyForDeploymentPostprocessing = 0;
			shellPath = /bin/sh;
			shellScript = "diff \"${PODS_ROOT}/../Podfile.lock\" \"${PODS_ROOT}/Manifest.lock\" > /dev/null\nif [[ $? != 0 ]] ; then\n    cat << EOM\nerror: The sandbox is not in sync with the Podfile.lock. Run 'pod install' or update your CocoaPods installation.\nEOM\n    exit 1\nfi\n";
			showEnvVarsInLog = 0;
		};
/* End PBXShellScriptBuildPhase section */

/* Begin PBXSourcesBuildPhase section */
		DE61660C18E683EF003D71DE /* Sources */ = {
			isa = PBXSourcesBuildPhase;
			buildActionMask = 2147483647;
			files = (
				DE61663218E683EF003D71DE /* PuddleScene.m in Sources */,
				DE61662F18E683EF003D71DE /* ViewController.m in Sources */,
				DEC2C3FF18E7D09700864AC3 /* VirusSpriteNode.m in Sources */,
				DE61662618E683EF003D71DE /* AppDelegate.m in Sources */,
				DE61665418E685A8003D71DE /* SessionController.m in Sources */,
				DE46434B18E7552D006118C2 /* Globals.m in Sources */,
				DEC2C3FC18E7CDDA00864AC3 /* CritterSpriteNode.m in Sources */,
				DE61662218E683EF003D71DE /* main.m in Sources */,
			);
			runOnlyForDeploymentPostprocessing = 0;
		};
		DE61663718E683EF003D71DE /* Sources */ = {
			isa = PBXSourcesBuildPhase;
			buildActionMask = 2147483647;
			files = (
				DE61664918E683EF003D71DE /* PuddleTests.m in Sources */,
			);
			runOnlyForDeploymentPostprocessing = 0;
		};
/* End PBXSourcesBuildPhase section */

/* Begin PBXTargetDependency section */
		DE61664118E683EF003D71DE /* PBXTargetDependency */ = {
			isa = PBXTargetDependency;
			target = DE61660F18E683EF003D71DE /* Puddle */;
			targetProxy = DE61664018E683EF003D71DE /* PBXContainerItemProxy */;
		};
/* End PBXTargetDependency section */

/* Begin PBXVariantGroup section */
		DE61661E18E683EF003D71DE /* InfoPlist.strings */ = {
			isa = PBXVariantGroup;
			children = (
				DE61661F18E683EF003D71DE /* en */,
			);
			name = InfoPlist.strings;
			sourceTree = "<group>";
		};
		DE61662718E683EF003D71DE /* Main_iPhone.storyboard */ = {
			isa = PBXVariantGroup;
			children = (
				DE61662818E683EF003D71DE /* Base */,
			);
			name = Main_iPhone.storyboard;
			sourceTree = "<group>";
		};
		DE61662A18E683EF003D71DE /* Main_iPad.storyboard */ = {
			isa = PBXVariantGroup;
			children = (
				DE61662B18E683EF003D71DE /* Base */,
			);
			name = Main_iPad.storyboard;
			sourceTree = "<group>";
		};
		DE61664518E683EF003D71DE /* InfoPlist.strings */ = {
			isa = PBXVariantGroup;
			children = (
				DE61664618E683EF003D71DE /* en */,
			);
			name = InfoPlist.strings;
			sourceTree = "<group>";
		};
/* End PBXVariantGroup section */

/* Begin XCBuildConfiguration section */
		DE61664A18E683EF003D71DE /* Debug */ = {
			isa = XCBuildConfiguration;
			buildSettings = {
				ALWAYS_SEARCH_USER_PATHS = NO;
				ARCHS = "$(ARCHS_STANDARD_32_BIT)";
				CLANG_CXX_LANGUAGE_STANDARD = "gnu++0x";
				CLANG_CXX_LIBRARY = "libc++";
				CLANG_ENABLE_MODULES = YES;
				CLANG_ENABLE_OBJC_ARC = YES;
				CLANG_WARN_BOOL_CONVERSION = YES;
				CLANG_WARN_CONSTANT_CONVERSION = YES;
				CLANG_WARN_DIRECT_OBJC_ISA_USAGE = YES_ERROR;
				CLANG_WARN_EMPTY_BODY = YES;
				CLANG_WARN_ENUM_CONVERSION = YES;
				CLANG_WARN_INT_CONVERSION = YES;
				CLANG_WARN_OBJC_ROOT_CLASS = YES_ERROR;
				CLANG_WARN__DUPLICATE_METHOD_MATCH = YES;
				"CODE_SIGN_IDENTITY[sdk=iphoneos*]" = "iPhone Developer";
				COPY_PHASE_STRIP = NO;
				GCC_C_LANGUAGE_STANDARD = gnu99;
				GCC_DYNAMIC_NO_PIC = NO;
				GCC_OPTIMIZATION_LEVEL = 0;
				GCC_PREPROCESSOR_DEFINITIONS = (
					"DEBUG=1",
					"$(inherited)",
				);
				GCC_SYMBOLS_PRIVATE_EXTERN = NO;
				GCC_WARN_64_TO_32_BIT_CONVERSION = YES;
				GCC_WARN_ABOUT_RETURN_TYPE = YES_ERROR;
				GCC_WARN_UNDECLARED_SELECTOR = YES;
				GCC_WARN_UNINITIALIZED_AUTOS = YES_AGGRESSIVE;
				GCC_WARN_UNUSED_FUNCTION = YES;
				GCC_WARN_UNUSED_VARIABLE = YES;
				IPHONEOS_DEPLOYMENT_TARGET = 7.1;
				ONLY_ACTIVE_ARCH = YES;
				SDKROOT = iphoneos;
				TARGETED_DEVICE_FAMILY = "1,2";
				VALID_ARCHS = "armv7 armv7s";
			};
			name = Debug;
		};
		DE61664B18E683EF003D71DE /* Release */ = {
			isa = XCBuildConfiguration;
			buildSettings = {
				ALWAYS_SEARCH_USER_PATHS = NO;
				ARCHS = "$(ARCHS_STANDARD_32_BIT)";
				CLANG_CXX_LANGUAGE_STANDARD = "gnu++0x";
				CLANG_CXX_LIBRARY = "libc++";
				CLANG_ENABLE_MODULES = YES;
				CLANG_ENABLE_OBJC_ARC = YES;
				CLANG_WARN_BOOL_CONVERSION = YES;
				CLANG_WARN_CONSTANT_CONVERSION = YES;
				CLANG_WARN_DIRECT_OBJC_ISA_USAGE = YES_ERROR;
				CLANG_WARN_EMPTY_BODY = YES;
				CLANG_WARN_ENUM_CONVERSION = YES;
				CLANG_WARN_INT_CONVERSION = YES;
				CLANG_WARN_OBJC_ROOT_CLASS = YES_ERROR;
				CLANG_WARN__DUPLICATE_METHOD_MATCH = YES;
				"CODE_SIGN_IDENTITY[sdk=iphoneos*]" = "iPhone Developer";
				COPY_PHASE_STRIP = YES;
				ENABLE_NS_ASSERTIONS = NO;
				GCC_C_LANGUAGE_STANDARD = gnu99;
				GCC_WARN_64_TO_32_BIT_CONVERSION = YES;
				GCC_WARN_ABOUT_RETURN_TYPE = YES_ERROR;
				GCC_WARN_UNDECLARED_SELECTOR = YES;
				GCC_WARN_UNINITIALIZED_AUTOS = YES_AGGRESSIVE;
				GCC_WARN_UNUSED_FUNCTION = YES;
				GCC_WARN_UNUSED_VARIABLE = YES;
				IPHONEOS_DEPLOYMENT_TARGET = 7.1;
				SDKROOT = iphoneos;
				TARGETED_DEVICE_FAMILY = "1,2";
				VALIDATE_PRODUCT = YES;
				VALID_ARCHS = "armv7 armv7s";
			};
			name = Release;
		};
		DE61664D18E683EF003D71DE /* Debug */ = {
			isa = XCBuildConfiguration;
			baseConfigurationReference = 5DBEF03467984DDD93461015 /* Pods.xcconfig */;
			buildSettings = {
				ASSETCATALOG_COMPILER_APPICON_NAME = AppIcon;
				ASSETCATALOG_COMPILER_LAUNCHIMAGE_NAME = LaunchImage;
				GCC_PRECOMPILE_PREFIX_HEADER = YES;
				GCC_PREFIX_HEADER = "Puddle/Puddle-Prefix.pch";
				INFOPLIST_FILE = "Puddle/Puddle-Info.plist";
				PRODUCT_NAME = "$(TARGET_NAME)";
				SPRITEKIT_TEXTURE_ATLAS_OUTPUT = YES;
				WRAPPER_EXTENSION = app;
			};
			name = Debug;
		};
		DE61664E18E683EF003D71DE /* Release */ = {
			isa = XCBuildConfiguration;
			baseConfigurationReference = 5DBEF03467984DDD93461015 /* Pods.xcconfig */;
			buildSettings = {
				ASSETCATALOG_COMPILER_APPICON_NAME = AppIcon;
				ASSETCATALOG_COMPILER_LAUNCHIMAGE_NAME = LaunchImage;
				GCC_PRECOMPILE_PREFIX_HEADER = YES;
				GCC_PREFIX_HEADER = "Puddle/Puddle-Prefix.pch";
				INFOPLIST_FILE = "Puddle/Puddle-Info.plist";
				PRODUCT_NAME = "$(TARGET_NAME)";
				SPRITEKIT_TEXTURE_ATLAS_OUTPUT = YES;
				WRAPPER_EXTENSION = app;
			};
			name = Release;
		};
		DE61665018E683EF003D71DE /* Debug */ = {
			isa = XCBuildConfiguration;
			buildSettings = {
				BUNDLE_LOADER = "$(BUILT_PRODUCTS_DIR)/Puddle.app/Puddle";
				FRAMEWORK_SEARCH_PATHS = (
					"$(SDKROOT)/Developer/Library/Frameworks",
					"$(inherited)",
					"$(DEVELOPER_FRAMEWORKS_DIR)",
				);
				GCC_PRECOMPILE_PREFIX_HEADER = YES;
				GCC_PREFIX_HEADER = "Puddle/Puddle-Prefix.pch";
				GCC_PREPROCESSOR_DEFINITIONS = (
					"DEBUG=1",
					"$(inherited)",
				);
				INFOPLIST_FILE = "PuddleTests/PuddleTests-Info.plist";
				PRODUCT_NAME = "$(TARGET_NAME)";
				TEST_HOST = "$(BUNDLE_LOADER)";
				WRAPPER_EXTENSION = xctest;
			};
			name = Debug;
		};
		DE61665118E683EF003D71DE /* Release */ = {
			isa = XCBuildConfiguration;
			buildSettings = {
				BUNDLE_LOADER = "$(BUILT_PRODUCTS_DIR)/Puddle.app/Puddle";
				FRAMEWORK_SEARCH_PATHS = (
					"$(SDKROOT)/Developer/Library/Frameworks",
					"$(inherited)",
					"$(DEVELOPER_FRAMEWORKS_DIR)",
				);
				GCC_PRECOMPILE_PREFIX_HEADER = YES;
				GCC_PREFIX_HEADER = "Puddle/Puddle-Prefix.pch";
				INFOPLIST_FILE = "PuddleTests/PuddleTests-Info.plist";
				PRODUCT_NAME = "$(TARGET_NAME)";
				TEST_HOST = "$(BUNDLE_LOADER)";
				WRAPPER_EXTENSION = xctest;
			};
			name = Release;
		};
/* End XCBuildConfiguration section */

/* Begin XCConfigurationList section */
		DE61660B18E683EF003D71DE /* Build configuration list for PBXProject "Puddle" */ = {
			isa = XCConfigurationList;
			buildConfigurations = (
				DE61664A18E683EF003D71DE /* Debug */,
				DE61664B18E683EF003D71DE /* Release */,
			);
			defaultConfigurationIsVisible = 0;
			defaultConfigurationName = Release;
		};
		DE61664C18E683EF003D71DE /* Build configuration list for PBXNativeTarget "Puddle" */ = {
			isa = XCConfigurationList;
			buildConfigurations = (
				DE61664D18E683EF003D71DE /* Debug */,
				DE61664E18E683EF003D71DE /* Release */,
			);
			defaultConfigurationIsVisible = 0;
			defaultConfigurationName = Release;
		};
		DE61664F18E683EF003D71DE /* Build configuration list for PBXNativeTarget "PuddleTests" */ = {
			isa = XCConfigurationList;
			buildConfigurations = (
				DE61665018E683EF003D71DE /* Debug */,
				DE61665118E683EF003D71DE /* Release */,
			);
			defaultConfigurationIsVisible = 0;
			defaultConfigurationName = Release;
		};
/* End XCConfigurationList section */
	};
	rootObject = DE61660818E683EF003D71DE /* Project object */;
}
